
Microsoft Visual Studio Solution File, Format Version 12.00
# Visual Studio 15
VisualStudioVersion = 15.0.27004.2002
MinimumVisualStudioVersion = 10.0.40219.1
Project("{FAE04EC0-301F-11D3-BF4B-00C04F79EFBC}") = "WinformUnity", "WinformUnity\WinformUnity.csproj", "{DBCBB5FD-767C-4247-8744-4CB1DD83EE84}"
EndProject
Project("{FAE04EC0-301F-11D3-BF4B-00C04F79EFBC}") = "CefSharp", "CefSharp\CefSharp.csproj", "{EB85DFB7-2F09-4E26-BC3E-ED4108FE26B3}"
EndProject
Project("{FAE04EC0-301F-11D3-BF4B-00C04F79EFBC}") = "ApplicationControl", "ApplicationControl\ApplicationControl.csproj", "{FC441DBD-3045-4199-A28A-6D8AB98A613B}"
EndProject
Global
	GlobalSection(SolutionConfigurationPlatforms) = preSolution
		Debug|Any CPU = Debug|Any CPU
		Release|Any CPU = Release|Any CPU
	EndGlobalSection
	GlobalSection(ProjectConfigurationPlatforms) = postSolution
		{DBCBB5FD-767C-4247-8744-4CB1DD83EE84}.Debug|Any CPU.ActiveCfg = Debug|Any CPU
		{DBCBB5FD-767C-4247-8744-4CB1DD83EE84}.Debug|Any CPU.Build.0 = Debug|Any CPU
		{DBCBB5FD-767C-4247-8744-4CB1DD83EE84}.Release|Any CPU.ActiveCfg = Release|Any CPU
		{DBCBB5FD-767C-4247-8744-4CB1DD83EE84}.Release|Any CPU.Build.0 = Release|Any CPU
		{EB85DFB7-2F09-4E26-BC3E-ED4108FE26B3}.Debug|Any CPU.ActiveCfg = Debug|Any CPU
		{EB85DFB7-2F09-4E26-BC3E-ED4108FE26B3}.Debug|Any CPU.Build.0 = Debug|Any CPU
		{EB85DFB7-2F09-4E26-BC3E-ED4108FE26B3}.Release|Any CPU.ActiveCfg = Release|Any CPU
		{EB85DFB7-2F09-4E26-BC3E-ED4108FE26B3}.Release|Any CPU.Build.0 = Release|Any CPU
		{FC441DBD-3045-4199-A28A-6D8AB98A613B}.Debug|Any CPU.ActiveCfg = Debug|Any CPU
		{FC441DBD-3045-4199-A28A-6D8AB98A613B}.Debug|Any CPU.Build.0 = Debug|Any CPU
		{FC441DBD-3045-4199-A28A-6D8AB98A613B}.Release|Any CPU.ActiveCfg = Release|Any CPU
		{FC441DBD-3045-4199-A28A-6D8AB98A613B}.Release|Any CPU.Build.0 = Release|Any CPU
	EndGlobalSection
	GlobalSection(SolutionProperties) = preSolution
		HideSolutionNode = FALSE
	EndGlobalSection
	GlobalSection(ExtensibilityGlobals) = postSolution
		SolutionGuid = {B3F20BC1-ED59-4FF8-9A9C-997909719AD9}
	EndGlobalSection
EndGlobal
